{
  "name": "mongoo",
  "version": "1.0.0",
  "lockfileVersion": 2,
  "requires": true,
  "packages": {
    "": {
      "version": "1.0.0",
      "license": "ISC",
      "dependencies": {
        "mongoose-double": "^0.0.1"
      }
    },
    "node_modules/mongoose-double": {
      "version": "0.0.1",
      "resolved": "https://registry.npmjs.org/mongoose-double/-/mongoose-double-0.0.1.tgz",
      "integrity": "sha1-wL5XhS563Jy53Pkii1zGqRMKRu8=",
      "deprecated": "Use @mongoosejs/double instead"
    }
  },
  "dependencies": {
    "mongoose-double": {
      "version": "0.0.1",
      "resolved": "https://registry.npmjs.org/mongoose-double/-/mongoose-double-0.0.1.tgz",
      "integrity": "sha1-wL5XhS563Jy53Pkii1zGqRMKRu8="
    }
  }
}
